
Microsoft Visual Studio Solution File, Format Version 12.00
# Visual Studio Version 17
VisualStudioVersion = 17.6.33723.286
MinimumVisualStudioVersion = 10.0.40219.1
Project("{FAE04EC0-301F-11D3-BF4B-00C04F79EFBC}") = "FlightPlanApi", "FlightPlanApi\FlightPlanApi.csproj", "{DDC46465-7039-4DD0-B63B-B576B961A0A9}"
EndProject
Global
	GlobalSection(SolutionConfigurationPlatforms) = preSolution
		Debug|Any CPU = Debug|Any CPU
		Release|Any CPU = Release|Any CPU
	EndGlobalSection
	GlobalSection(ProjectConfigurationPlatforms) = postSolution
		{DDC46465-7039-4DD0-B63B-B576B961A0A9}.Debug|Any CPU.ActiveCfg = Debug|Any CPU
		{DDC46465-7039-4DD0-B63B-B576B961A0A9}.Debug|Any CPU.Build.0 = Debug|Any CPU
		{DDC46465-7039-4DD0-B63B-B576B961A0A9}.Release|Any CPU.ActiveCfg = Release|Any CPU
		{DDC46465-7039-4DD0-B63B-B576B961A0A9}.Release|Any CPU.Build.0 = Release|Any CPU
	EndGlobalSection
	GlobalSection(SolutionProperties) = preSolution
		HideSolutionNode = FALSE
	EndGlobalSection
	GlobalSection(ExtensibilityGlobals) = postSolution
		SolutionGuid = {FD0692B5-CACB-4673-BC84-DC7601BB7D9D}
	EndGlobalSection
EndGlobal
